
Microsoft Visual Studio Solution File, Format Version 12.00
# Visual Studio Version 17
VisualStudioVersion = 17.4.33122.133
MinimumVisualStudioVersion = 10.0.40219.1
Project("{9A19103F-16F7-4668-BE54-9A1E7A4F7556}") = "Emission.Core", "source\Core\Emission.Core.csproj", "{F4824C90-A102-4267-B3A2-3EC75F23493F}"
EndProject
Project("{9A19103F-16F7-4668-BE54-9A1E7A4F7556}") = "Emission.Graphics", "source\Graphics\Emission.Graphics.csproj", "{9FB3C722-412E-4EC1-99CC-6E712F17BCAD}"
EndProject
Project("{9A19103F-16F7-4668-BE54-9A1E7A4F7556}") = "Emission.Engine", "source\Engine\Emission.Engine.csproj", "{523DAF98-A43F-4CC0-9A8D-8ABEF0A3AEF4}"
EndProject
Project("{9A19103F-16F7-4668-BE54-9A1E7A4F7556}") = "Emission.GLFW", "source\Natives\Emission.GLFW\Emission.GLFW.csproj", "{52DA3BA8-A4CC-42BB-8757-4326C6874B46}"
EndProject
Project("{9A19103F-16F7-4668-BE54-9A1E7A4F7556}") = "Emission.Win32", "source\Natives\Emission.Win32\Emission.Win32.csproj", "{CC839DDD-C839-4589-87C6-90799020BCE4}"
EndProject
Project("{9A19103F-16F7-4668-BE54-9A1E7A4F7556}") = "Emission.GL", "source\Natives\Emission.OpenGL\Emission.GL.csproj", "{F5945A0A-699C-4B3F-B38A-523D770D5361}"
EndProject
Project("{8BC9CEB8-8B4A-11D0-8D11-00A0C91BC942}") = "Emission Assets", "source\Assets\Assets.vcxproj", "{D81DC74D-7EF1-4408-9E65-E64ED881E03B}"
EndProject
Project("{9A19103F-16F7-4668-BE54-9A1E7A4F7556}") = "Emission.Projects.Indev", "projects\Emission.Projects.Indev\Emission.Projects.Indev.csproj", "{3412F247-9140-4E91-91A6-61C0665620CD}"
EndProject
Project("{8BC9CEB8-8B4A-11D0-8D11-00A0C91BC942}") = "Emission.Nuklear", "source\Natives\Emission.Nuklear\Emission.Nuklear.vcxproj", "{585299DD-9DB4-439B-A901-51F8CC6792C2}"
EndProject
Global
	GlobalSection(SolutionConfigurationPlatforms) = preSolution
		Debug|Any CPU = Debug|Any CPU
		Debug|x64 = Debug|x64
		Debug|x86 = Debug|x86
		Release|Any CPU = Release|Any CPU
		Release|x64 = Release|x64
		Release|x86 = Release|x86
	EndGlobalSection
	GlobalSection(ProjectConfigurationPlatforms) = postSolution
		{F4824C90-A102-4267-B3A2-3EC75F23493F}.Debug|Any CPU.ActiveCfg = Debug|Any CPU
		{F4824C90-A102-4267-B3A2-3EC75F23493F}.Debug|Any CPU.Build.0 = Debug|Any CPU
		{F4824C90-A102-4267-B3A2-3EC75F23493F}.Debug|x64.ActiveCfg = Debug|Any CPU
		{F4824C90-A102-4267-B3A2-3EC75F23493F}.Debug|x64.Build.0 = Debug|Any CPU
		{F4824C90-A102-4267-B3A2-3EC75F23493F}.Debug|x86.ActiveCfg = Debug|Any CPU
		{F4824C90-A102-4267-B3A2-3EC75F23493F}.Debug|x86.Build.0 = Debug|Any CPU
		{F4824C90-A102-4267-B3A2-3EC75F23493F}.Release|Any CPU.ActiveCfg = Release|Any CPU
		{F4824C90-A102-4267-B3A2-3EC75F23493F}.Release|Any CPU.Build.0 = Release|Any CPU
		{F4824C90-A102-4267-B3A2-3EC75F23493F}.Release|x64.ActiveCfg = Release|Any CPU
		{F4824C90-A102-4267-B3A2-3EC75F23493F}.Release|x64.Build.0 = Release|Any CPU
		{F4824C90-A102-4267-B3A2-3EC75F23493F}.Release|x86.ActiveCfg = Release|Any CPU
		{F4824C90-A102-4267-B3A2-3EC75F23493F}.Release|x86.Build.0 = Release|Any CPU
		{9FB3C722-412E-4EC1-99CC-6E712F17BCAD}.Debug|Any CPU.ActiveCfg = Debug|Any CPU
		{9FB3C722-412E-4EC1-99CC-6E712F17BCAD}.Debug|Any CPU.Build.0 = Debug|Any CPU
		{9FB3C722-412E-4EC1-99CC-6E712F17BCAD}.Debug|x64.ActiveCfg = Debug|Any CPU
		{9FB3C722-412E-4EC1-99CC-6E712F17BCAD}.Debug|x64.Build.0 = Debug|Any CPU
		{9FB3C722-412E-4EC1-99CC-6E712F17BCAD}.Debug|x86.ActiveCfg = Debug|Any CPU
		{9FB3C722-412E-4EC1-99CC-6E712F17BCAD}.Debug|x86.Build.0 = Debug|Any CPU
		{9FB3C722-412E-4EC1-99CC-6E712F17BCAD}.Release|Any CPU.ActiveCfg = Release|Any CPU
		{9FB3C722-412E-4EC1-99CC-6E712F17BCAD}.Release|Any CPU.Build.0 = Release|Any CPU
		{9FB3C722-412E-4EC1-99CC-6E712F17BCAD}.Release|x64.ActiveCfg = Release|Any CPU
		{9FB3C722-412E-4EC1-99CC-6E712F17BCAD}.Release|x64.Build.0 = Release|Any CPU
		{9FB3C722-412E-4EC1-99CC-6E712F17BCAD}.Release|x86.ActiveCfg = Release|Any CPU
		{9FB3C722-412E-4EC1-99CC-6E712F17BCAD}.Release|x86.Build.0 = Release|Any CPU
		{523DAF98-A43F-4CC0-9A8D-8ABEF0A3AEF4}.Debug|Any CPU.ActiveCfg = Debug|Any CPU
		{523DAF98-A43F-4CC0-9A8D-8ABEF0A3AEF4}.Debug|Any CPU.Build.0 = Debug|Any CPU
		{523DAF98-A43F-4CC0-9A8D-8ABEF0A3AEF4}.Debug|x64.ActiveCfg = Debug|Any CPU
		{523DAF98-A43F-4CC0-9A8D-8ABEF0A3AEF4}.Debug|x64.Build.0 = Debug|Any CPU
		{523DAF98-A43F-4CC0-9A8D-8ABEF0A3AEF4}.Debug|x86.ActiveCfg = Debug|Any CPU
		{523DAF98-A43F-4CC0-9A8D-8ABEF0A3AEF4}.Debug|x86.Build.0 = Debug|Any CPU
		{523DAF98-A43F-4CC0-9A8D-8ABEF0A3AEF4}.Release|Any CPU.ActiveCfg = Release|Any CPU
		{523DAF98-A43F-4CC0-9A8D-8ABEF0A3AEF4}.Release|Any CPU.Build.0 = Release|Any CPU
		{523DAF98-A43F-4CC0-9A8D-8ABEF0A3AEF4}.Release|x64.ActiveCfg = Release|Any CPU
		{523DAF98-A43F-4CC0-9A8D-8ABEF0A3AEF4}.Release|x64.Build.0 = Release|Any CPU
		{523DAF98-A43F-4CC0-9A8D-8ABEF0A3AEF4}.Release|x86.ActiveCfg = Release|Any CPU
		{523DAF98-A43F-4CC0-9A8D-8ABEF0A3AEF4}.Release|x86.Build.0 = Release|Any CPU
		{52DA3BA8-A4CC-42BB-8757-4326C6874B46}.Debug|Any CPU.ActiveCfg = Debug|Any CPU
		{52DA3BA8-A4CC-42BB-8757-4326C6874B46}.Debug|Any CPU.Build.0 = Debug|Any CPU
		{52DA3BA8-A4CC-42BB-8757-4326C6874B46}.Debug|x64.ActiveCfg = Debug|Any CPU
		{52DA3BA8-A4CC-42BB-8757-4326C6874B46}.Debug|x64.Build.0 = Debug|Any CPU
		{52DA3BA8-A4CC-42BB-8757-4326C6874B46}.Debug|x86.ActiveCfg = Debug|Any CPU
		{52DA3BA8-A4CC-42BB-8757-4326C6874B46}.Debug|x86.Build.0 = Debug|Any CPU
		{52DA3BA8-A4CC-42BB-8757-4326C6874B46}.Release|Any CPU.ActiveCfg = Release|Any CPU
		{52DA3BA8-A4CC-42BB-8757-4326C6874B46}.Release|Any CPU.Build.0 = Release|Any CPU
		{52DA3BA8-A4CC-42BB-8757-4326C6874B46}.Release|x64.ActiveCfg = Release|Any CPU
		{52DA3BA8-A4CC-42BB-8757-4326C6874B46}.Release|x64.Build.0 = Release|Any CPU
		{52DA3BA8-A4CC-42BB-8757-4326C6874B46}.Release|x86.ActiveCfg = Release|Any CPU
		{52DA3BA8-A4CC-42BB-8757-4326C6874B46}.Release|x86.Build.0 = Release|Any CPU
		{CC839DDD-C839-4589-87C6-90799020BCE4}.Debug|Any CPU.ActiveCfg = Debug|Any CPU
		{CC839DDD-C839-4589-87C6-90799020BCE4}.Debug|Any CPU.Build.0 = Debug|Any CPU
		{CC839DDD-C839-4589-87C6-90799020BCE4}.Debug|x64.ActiveCfg = Debug|Any CPU
		{CC839DDD-C839-4589-87C6-90799020BCE4}.Debug|x64.Build.0 = Debug|Any CPU
		{CC839DDD-C839-4589-87C6-90799020BCE4}.Debug|x86.ActiveCfg = Debug|Any CPU
		{CC839DDD-C839-4589-87C6-90799020BCE4}.Debug|x86.Build.0 = Debug|Any CPU
		{CC839DDD-C839-4589-87C6-90799020BCE4}.Release|Any CPU.ActiveCfg = Release|Any CPU
		{CC839DDD-C839-4589-87C6-90799020BCE4}.Release|Any CPU.Build.0 = Release|Any CPU
		{CC839DDD-C839-4589-87C6-90799020BCE4}.Release|x64.ActiveCfg = Release|Any CPU
		{CC839DDD-C839-4589-87C6-90799020BCE4}.Release|x64.Build.0 = Release|Any CPU
		{CC839DDD-C839-4589-87C6-90799020BCE4}.Release|x86.ActiveCfg = Release|Any CPU
		{CC839DDD-C839-4589-87C6-90799020BCE4}.Release|x86.Build.0 = Release|Any CPU
		{F5945A0A-699C-4B3F-B38A-523D770D5361}.Debug|Any CPU.ActiveCfg = Debug|Any CPU
		{F5945A0A-699C-4B3F-B38A-523D770D5361}.Debug|Any CPU.Build.0 = Debug|Any CPU
		{F5945A0A-699C-4B3F-B38A-523D770D5361}.Debug|x64.ActiveCfg = Debug|Any CPU
		{F5945A0A-699C-4B3F-B38A-523D770D5361}.Debug|x64.Build.0 = Debug|Any CPU
		{F5945A0A-699C-4B3F-B38A-523D770D5361}.Debug|x86.ActiveCfg = Debug|Any CPU
		{F5945A0A-699C-4B3F-B38A-523D770D5361}.Debug|x86.Build.0 = Debug|Any CPU
		{F5945A0A-699C-4B3F-B38A-523D770D5361}.Release|Any CPU.ActiveCfg = Release|Any CPU
		{F5945A0A-699C-4B3F-B38A-523D770D5361}.Release|Any CPU.Build.0 = Release|Any CPU
		{F5945A0A-699C-4B3F-B38A-523D770D5361}.Release|x64.ActiveCfg = Release|Any CPU
		{F5945A0A-699C-4B3F-B38A-523D770D5361}.Release|x64.Build.0 = Release|Any CPU
		{F5945A0A-699C-4B3F-B38A-523D770D5361}.Release|x86.ActiveCfg = Release|Any CPU
		{F5945A0A-699C-4B3F-B38A-523D770D5361}.Release|x86.Build.0 = Release|Any CPU
		{D81DC74D-7EF1-4408-9E65-E64ED881E03B}.Debug|Any CPU.ActiveCfg = Debug|x64
		{D81DC74D-7EF1-4408-9E65-E64ED881E03B}.Debug|Any CPU.Build.0 = Debug|x64
		{D81DC74D-7EF1-4408-9E65-E64ED881E03B}.Debug|x64.ActiveCfg = Debug|x64
		{D81DC74D-7EF1-4408-9E65-E64ED881E03B}.Debug|x64.Build.0 = Debug|x64
		{D81DC74D-7EF1-4408-9E65-E64ED881E03B}.Debug|x86.ActiveCfg = Debug|Win32
		{D81DC74D-7EF1-4408-9E65-E64ED881E03B}.Debug|x86.Build.0 = Debug|Win32
		{D81DC74D-7EF1-4408-9E65-E64ED881E03B}.Release|Any CPU.ActiveCfg = Release|x64
		{D81DC74D-7EF1-4408-9E65-E64ED881E03B}.Release|Any CPU.Build.0 = Release|x64
		{D81DC74D-7EF1-4408-9E65-E64ED881E03B}.Release|x64.ActiveCfg = Release|x64
		{D81DC74D-7EF1-4408-9E65-E64ED881E03B}.Release|x64.Build.0 = Release|x64
		{D81DC74D-7EF1-4408-9E65-E64ED881E03B}.Release|x86.ActiveCfg = Release|Win32
		{D81DC74D-7EF1-4408-9E65-E64ED881E03B}.Release|x86.Build.0 = Release|Win32
		{3412F247-9140-4E91-91A6-61C0665620CD}.Debug|Any CPU.ActiveCfg = Debug|Any CPU
		{3412F247-9140-4E91-91A6-61C0665620CD}.Debug|Any CPU.Build.0 = Debug|Any CPU
		{3412F247-9140-4E91-91A6-61C0665620CD}.Debug|x64.ActiveCfg = Debug|Any CPU
		{3412F247-9140-4E91-91A6-61C0665620CD}.Debug|x64.Build.0 = Debug|Any CPU
		{3412F247-9140-4E91-91A6-61C0665620CD}.Debug|x86.ActiveCfg = Debug|Any CPU
		{3412F247-9140-4E91-91A6-61C0665620CD}.Debug|x86.Build.0 = Debug|Any CPU
		{3412F247-9140-4E91-91A6-61C0665620CD}.Release|Any CPU.ActiveCfg = Release|Any CPU
		{3412F247-9140-4E91-91A6-61C0665620CD}.Release|Any CPU.Build.0 = Release|Any CPU
		{3412F247-9140-4E91-91A6-61C0665620CD}.Release|x64.ActiveCfg = Release|Any CPU
		{3412F247-9140-4E91-91A6-61C0665620CD}.Release|x64.Build.0 = Release|Any CPU
		{3412F247-9140-4E91-91A6-61C0665620CD}.Release|x86.ActiveCfg = Release|Any CPU
		{3412F247-9140-4E91-91A6-61C0665620CD}.Release|x86.Build.0 = Release|Any CPU
		{585299DD-9DB4-439B-A901-51F8CC6792C2}.Debug|Any CPU.ActiveCfg = Debug|x64
		{585299DD-9DB4-439B-A901-51F8CC6792C2}.Debug|Any CPU.Build.0 = Debug|x64
		{585299DD-9DB4-439B-A901-51F8CC6792C2}.Debug|x64.ActiveCfg = Debug|x64
		{585299DD-9DB4-439B-A901-51F8CC6792C2}.Debug|x64.Build.0 = Debug|x64
		{585299DD-9DB4-439B-A901-51F8CC6792C2}.Debug|x86.ActiveCfg = Debug|Win32
		{585299DD-9DB4-439B-A901-51F8CC6792C2}.Debug|x86.Build.0 = Debug|Win32
		{585299DD-9DB4-439B-A901-51F8CC6792C2}.Release|Any CPU.ActiveCfg = Release|x64
		{585299DD-9DB4-439B-A901-51F8CC6792C2}.Release|Any CPU.Build.0 = Release|x64
		{585299DD-9DB4-439B-A901-51F8CC6792C2}.Release|x64.ActiveCfg = Release|x64
		{585299DD-9DB4-439B-A901-51F8CC6792C2}.Release|x64.Build.0 = Release|x64
		{585299DD-9DB4-439B-A901-51F8CC6792C2}.Release|x86.ActiveCfg = Release|Win32
		{585299DD-9DB4-439B-A901-51F8CC6792C2}.Release|x86.Build.0 = Release|Win32
	EndGlobalSection
	GlobalSection(SolutionProperties) = preSolution
		HideSolutionNode = FALSE
	EndGlobalSection
	GlobalSection(ExtensibilityGlobals) = postSolution
		SolutionGuid = {1A6CA0AE-2F70-4720-89AA-C89212B4AC43}
	EndGlobalSection
EndGlobal
