
Microsoft Visual Studio Solution File, Format Version 12.00
Project("{FAE04EC0-301F-11D3-BF4B-00C04F79EFBC}") = "Emission Engine", "Emission Engine\Emission Engine.csproj", "{C20F4CC6-618B-43D5-91CC-1BA6FC635EDA}"
EndProject
Project("{FAE04EC0-301F-11D3-BF4B-00C04F79EFBC}") = "Sandbox", "Sandbox\Sandbox.csproj", "{438E8DC4-5DEE-40D3-876C-A947AF1C2A3A}"
EndProject
Global
	GlobalSection(SolutionConfigurationPlatforms) = preSolution
		Debug|Any CPU = Debug|Any CPU
		Release|Any CPU = Release|Any CPU
	EndGlobalSection
	GlobalSection(ProjectConfigurationPlatforms) = postSolution
		{C20F4CC6-618B-43D5-91CC-1BA6FC635EDA}.Debug|Any CPU.ActiveCfg = Debug|Any CPU
		{C20F4CC6-618B-43D5-91CC-1BA6FC635EDA}.Debug|Any CPU.Build.0 = Debug|Any CPU
		{C20F4CC6-618B-43D5-91CC-1BA6FC635EDA}.Release|Any CPU.ActiveCfg = Release|Any CPU
		{C20F4CC6-618B-43D5-91CC-1BA6FC635EDA}.Release|Any CPU.Build.0 = Release|Any CPU
		{438E8DC4-5DEE-40D3-876C-A947AF1C2A3A}.Debug|Any CPU.ActiveCfg = Debug|Any CPU
		{438E8DC4-5DEE-40D3-876C-A947AF1C2A3A}.Debug|Any CPU.Build.0 = Debug|Any CPU
		{438E8DC4-5DEE-40D3-876C-A947AF1C2A3A}.Release|Any CPU.ActiveCfg = Release|Any CPU
		{438E8DC4-5DEE-40D3-876C-A947AF1C2A3A}.Release|Any CPU.Build.0 = Release|Any CPU
	EndGlobalSection
EndGlobal
