
Microsoft Visual Studio Solution File, Format Version 12.00
# Visual Studio Version 16
VisualStudioVersion = 16.0.31129.286
MinimumVisualStudioVersion = 10.0.40219.1
Project("{FAE04EC0-301F-11D3-BF4B-00C04F79EFBC}") = "Emission Engine", "Emission Engine.csproj", "{1D50A11B-8272-4BDF-ACA8-E88B6B601F18}"
EndProject
Global
	GlobalSection(SolutionConfigurationPlatforms) = preSolution
		Debug|Any CPU = Debug|Any CPU
		Release|Any CPU = Release|Any CPU
	EndGlobalSection
	GlobalSection(ProjectConfigurationPlatforms) = postSolution
		{1D50A11B-8272-4BDF-ACA8-E88B6B601F18}.Debug|Any CPU.ActiveCfg = Debug|Any CPU
		{1D50A11B-8272-4BDF-ACA8-E88B6B601F18}.Debug|Any CPU.Build.0 = Debug|Any CPU
		{1D50A11B-8272-4BDF-ACA8-E88B6B601F18}.Release|Any CPU.ActiveCfg = Release|Any CPU
		{1D50A11B-8272-4BDF-ACA8-E88B6B601F18}.Release|Any CPU.Build.0 = Release|Any CPU
	EndGlobalSection
	GlobalSection(SolutionProperties) = preSolution
		HideSolutionNode = FALSE
	EndGlobalSection
	GlobalSection(ExtensibilityGlobals) = postSolution
		SolutionGuid = {F9E70359-CC72-4987-BE97-2C3CB5D2D8C3}
	EndGlobalSection
EndGlobal
